// !$*UTF8*$!
{
	archiveVersion = 1;
	classes = {
	};
	objectVersion = 50;
	objects = {

/* Begin PBXBuildFile section */
		40B44D4E23F34E6D001839BB /* AppDelegate.swift in Sources */ = {isa = PBXBuildFile; fileRef = 40B44D4D23F34E6D001839BB /* AppDelegate.swift */; };
		40B44D5023F34E6D001839BB /* ViewController.swift in Sources */ = {isa = PBXBuildFile; fileRef = 40B44D4F23F34E6D001839BB /* ViewController.swift */; };
		40B44D5323F34E6D001839BB /* Main.storyboard in Resources */ = {isa = PBXBuildFile; fileRef = 40B44D5123F34E6D001839BB /* Main.storyboard */; };
		40B44D5523F34E6F001839BB /* Assets.xcassets in Resources */ = {isa = PBXBuildFile; fileRef = 40B44D5423F34E6F001839BB /* Assets.xcassets */; };
		40B44D5823F34E6F001839BB /* LaunchScreen.storyboard in Resources */ = {isa = PBXBuildFile; fileRef = 40B44D5623F34E6F001839BB /* LaunchScreen.storyboard */; };
		40B44D6323F34E6F001839BB /* ABSampleTests.swift in Sources */ = {isa = PBXBuildFile; fileRef = 40B44D6223F34E6F001839BB /* ABSampleTests.swift */; };
		40B44D6E23F34E6F001839BB /* ABSampleUITests.swift in Sources */ = {isa = PBXBuildFile; fileRef = 40B44D6D23F34E6F001839BB /* ABSampleUITests.swift */; };
		40B44D8D23F35021001839BB /* NetworkAPI.framework in Frameworks */ = {isa = PBXBuildFile; fileRef = 40B44D8A23F34FAC001839BB /* NetworkAPI.framework */; };
		40B44D8E23F35021001839BB /* NetworkAPI.framework in Embed Frameworks */ = {isa = PBXBuildFile; fileRef = 40B44D8A23F34FAC001839BB /* NetworkAPI.framework */; settings = {ATTRIBUTES = (CodeSignOnCopy, RemoveHeadersOnCopy, ); }; };
		40B44D9523F35461001839BB /* Alamofire.framework in Frameworks */ = {isa = PBXBuildFile; fileRef = 40B44D9323F35461001839BB /* Alamofire.framework */; };
		40B44D9623F35461001839BB /* Alamofire.framework in Embed Frameworks */ = {isa = PBXBuildFile; fileRef = 40B44D9323F35461001839BB /* Alamofire.framework */; settings = {ATTRIBUTES = (CodeSignOnCopy, RemoveHeadersOnCopy, ); }; };
		40B44D9823F3546A001839BB /* Moya.framework in Frameworks */ = {isa = PBXBuildFile; fileRef = 40B44D9723F3546A001839BB /* Moya.framework */; };
		40B44D9923F3546A001839BB /* Moya.framework in Embed Frameworks */ = {isa = PBXBuildFile; fileRef = 40B44D9723F3546A001839BB /* Moya.framework */; settings = {ATTRIBUTES = (CodeSignOnCopy, RemoveHeadersOnCopy, ); }; };
		40B44D9B23F35477001839BB /* Result.framework in Frameworks */ = {isa = PBXBuildFile; fileRef = 40B44D9A23F35477001839BB /* Result.framework */; };
		40B44D9C23F35477001839BB /* Result.framework in Embed Frameworks */ = {isa = PBXBuildFile; fileRef = 40B44D9A23F35477001839BB /* Result.framework */; settings = {ATTRIBUTES = (CodeSignOnCopy, RemoveHeadersOnCopy, ); }; };
/* End PBXBuildFile section */

/* Begin PBXContainerItemProxy section */
		40B44D5F23F34E6F001839BB /* PBXContainerItemProxy */ = {
			isa = PBXContainerItemProxy;
			containerPortal = 40B44D4223F34E6D001839BB /* Project object */;
			proxyType = 1;
			remoteGlobalIDString = 40B44D4923F34E6D001839BB;
			remoteInfo = ABSample;
		};
		40B44D6A23F34E6F001839BB /* PBXContainerItemProxy */ = {
			isa = PBXContainerItemProxy;
			containerPortal = 40B44D4223F34E6D001839BB /* Project object */;
			proxyType = 1;
			remoteGlobalIDString = 40B44D4923F34E6D001839BB;
			remoteInfo = ABSample;
		};
		40B44D8923F34FAC001839BB /* PBXContainerItemProxy */ = {
			isa = PBXContainerItemProxy;
			containerPortal = 40B44D8423F34FAC001839BB /* NetworkAPI.xcodeproj */;
			proxyType = 2;
			remoteGlobalIDString = 40B44CC723F282E9001839BB;
			remoteInfo = NetworkAPI;
		};
		40B44D8B23F34FAC001839BB /* PBXContainerItemProxy */ = {
			isa = PBXContainerItemProxy;
			containerPortal = 40B44D8423F34FAC001839BB /* NetworkAPI.xcodeproj */;
			proxyType = 2;
			remoteGlobalIDString = 40B44CD023F282E9001839BB;
			remoteInfo = NetworkAPITests;
		};
		40B44D8F23F35021001839BB /* PBXContainerItemProxy */ = {
			isa = PBXContainerItemProxy;
			containerPortal = 40B44D8423F34FAC001839BB /* NetworkAPI.xcodeproj */;
			proxyType = 1;
			remoteGlobalIDString = 40B44CC623F282E9001839BB;
			remoteInfo = NetworkAPI;
		};
/* End PBXContainerItemProxy section */

/* Begin PBXCopyFilesBuildPhase section */
		40B44D9123F35021001839BB /* Embed Frameworks */ = {
			isa = PBXCopyFilesBuildPhase;
			buildActionMask = 2147483647;
			dstPath = "";
			dstSubfolderSpec = 10;
			files = (
				40B44D8E23F35021001839BB /* NetworkAPI.framework in Embed Frameworks */,
				40B44D9923F3546A001839BB /* Moya.framework in Embed Frameworks */,
				40B44D9623F35461001839BB /* Alamofire.framework in Embed Frameworks */,
				40B44D9C23F35477001839BB /* Result.framework in Embed Frameworks */,
			);
			name = "Embed Frameworks";
			runOnlyForDeploymentPostprocessing = 0;
		};
/* End PBXCopyFilesBuildPhase section */

/* Begin PBXFileReference section */
		40B44D4A23F34E6D001839BB /* ABSample.app */ = {isa = PBXFileReference; explicitFileType = wrapper.application; includeInIndex = 0; path = ABSample.app; sourceTree = BUILT_PRODUCTS_DIR; };
		40B44D4D23F34E6D001839BB /* AppDelegate.swift */ = {isa = PBXFileReference; lastKnownFileType = sourcecode.swift; path = AppDelegate.swift; sourceTree = "<group>"; };
		40B44D4F23F34E6D001839BB /* ViewController.swift */ = {isa = PBXFileReference; lastKnownFileType = sourcecode.swift; path = ViewController.swift; sourceTree = "<group>"; };
		40B44D5223F34E6D001839BB /* Base */ = {isa = PBXFileReference; lastKnownFileType = file.storyboard; name = Base; path = Base.lproj/Main.storyboard; sourceTree = "<group>"; };
		40B44D5423F34E6F001839BB /* Assets.xcassets */ = {isa = PBXFileReference; lastKnownFileType = folder.assetcatalog; path = Assets.xcassets; sourceTree = "<group>"; };
		40B44D5723F34E6F001839BB /* Base */ = {isa = PBXFileReference; lastKnownFileType = file.storyboard; name = Base; path = Base.lproj/LaunchScreen.storyboard; sourceTree = "<group>"; };
		40B44D5923F34E6F001839BB /* Info.plist */ = {isa = PBXFileReference; lastKnownFileType = text.plist.xml; path = Info.plist; sourceTree = "<group>"; };
		40B44D5E23F34E6F001839BB /* ABSampleTests.xctest */ = {isa = PBXFileReference; explicitFileType = wrapper.cfbundle; includeInIndex = 0; path = ABSampleTests.xctest; sourceTree = BUILT_PRODUCTS_DIR; };
		40B44D6223F34E6F001839BB /* ABSampleTests.swift */ = {isa = PBXFileReference; lastKnownFileType = sourcecode.swift; path = ABSampleTests.swift; sourceTree = "<group>"; };
		40B44D6423F34E6F001839BB /* Info.plist */ = {isa = PBXFileReference; lastKnownFileType = text.plist.xml; path = Info.plist; sourceTree = "<group>"; };
		40B44D6923F34E6F001839BB /* ABSampleUITests.xctest */ = {isa = PBXFileReference; explicitFileType = wrapper.cfbundle; includeInIndex = 0; path = ABSampleUITests.xctest; sourceTree = BUILT_PRODUCTS_DIR; };
		40B44D6D23F34E6F001839BB /* ABSampleUITests.swift */ = {isa = PBXFileReference; lastKnownFileType = sourcecode.swift; path = ABSampleUITests.swift; sourceTree = "<group>"; };
		40B44D6F23F34E6F001839BB /* Info.plist */ = {isa = PBXFileReference; lastKnownFileType = text.plist.xml; path = Info.plist; sourceTree = "<group>"; };
		40B44D8423F34FAC001839BB /* NetworkAPI.xcodeproj */ = {isa = PBXFileReference; lastKnownFileType = "wrapper.pb-project"; name = NetworkAPI.xcodeproj; path = ../NetworkAPI/NetworkAPI.xcodeproj; sourceTree = "<group>"; };
		40B44D9323F35461001839BB /* Alamofire.framework */ = {isa = PBXFileReference; lastKnownFileType = wrapper.framework; name = Alamofire.framework; path = Carthage/Build/iOS/Alamofire.framework; sourceTree = "<group>"; };
		40B44D9723F3546A001839BB /* Moya.framework */ = {isa = PBXFileReference; lastKnownFileType = wrapper.framework; name = Moya.framework; path = Carthage/Build/iOS/Moya.framework; sourceTree = "<group>"; };
		40B44D9A23F35477001839BB /* Result.framework */ = {isa = PBXFileReference; lastKnownFileType = wrapper.framework; name = Result.framework; path = Carthage/Build/iOS/Result.framework; sourceTree = "<group>"; };
/* End PBXFileReference section */

/* Begin PBXFrameworksBuildPhase section */
		40B44D4723F34E6D001839BB /* Frameworks */ = {
			isa = PBXFrameworksBuildPhase;
			buildActionMask = 2147483647;
			files = (
				40B44D8D23F35021001839BB /* NetworkAPI.framework in Frameworks */,
				40B44D9823F3546A001839BB /* Moya.framework in Frameworks */,
				40B44D9523F35461001839BB /* Alamofire.framework in Frameworks */,
				40B44D9B23F35477001839BB /* Result.framework in Frameworks */,
			);
			runOnlyForDeploymentPostprocessing = 0;
		};
		40B44D5B23F34E6F001839BB /* Frameworks */ = {
			isa = PBXFrameworksBuildPhase;
			buildActionMask = 2147483647;
			files = (
			);
			runOnlyForDeploymentPostprocessing = 0;
		};
		40B44D6623F34E6F001839BB /* Frameworks */ = {
			isa = PBXFrameworksBuildPhase;
			buildActionMask = 2147483647;
			files = (
			);
			runOnlyForDeploymentPostprocessing = 0;
		};
/* End PBXFrameworksBuildPhase section */

/* Begin PBXGroup section */
		40B44D4123F34E6D001839BB = {
			isa = PBXGroup;
			children = (
				40B44D9A23F35477001839BB /* Result.framework */,
				40B44D9723F3546A001839BB /* Moya.framework */,
				40B44D9323F35461001839BB /* Alamofire.framework */,
				40B44D8423F34FAC001839BB /* NetworkAPI.xcodeproj */,
				40B44D4C23F34E6D001839BB /* ABSample */,
				40B44D6123F34E6F001839BB /* ABSampleTests */,
				40B44D6C23F34E6F001839BB /* ABSampleUITests */,
				40B44D4B23F34E6D001839BB /* Products */,
			);
			sourceTree = "<group>";
		};
		40B44D4B23F34E6D001839BB /* Products */ = {
			isa = PBXGroup;
			children = (
				40B44D4A23F34E6D001839BB /* ABSample.app */,
				40B44D5E23F34E6F001839BB /* ABSampleTests.xctest */,
				40B44D6923F34E6F001839BB /* ABSampleUITests.xctest */,
			);
			name = Products;
			sourceTree = "<group>";
		};
		40B44D4C23F34E6D001839BB /* ABSample */ = {
			isa = PBXGroup;
			children = (
				40B44D4D23F34E6D001839BB /* AppDelegate.swift */,
				40B44D4F23F34E6D001839BB /* ViewController.swift */,
				40B44D5123F34E6D001839BB /* Main.storyboard */,
				40B44D5423F34E6F001839BB /* Assets.xcassets */,
				40B44D5623F34E6F001839BB /* LaunchScreen.storyboard */,
				40B44D5923F34E6F001839BB /* Info.plist */,
			);
			path = ABSample;
			sourceTree = "<group>";
		};
		40B44D6123F34E6F001839BB /* ABSampleTests */ = {
			isa = PBXGroup;
			children = (
				40B44D6223F34E6F001839BB /* ABSampleTests.swift */,
				40B44D6423F34E6F001839BB /* Info.plist */,
			);
			path = ABSampleTests;
			sourceTree = "<group>";
		};
		40B44D6C23F34E6F001839BB /* ABSampleUITests */ = {
			isa = PBXGroup;
			children = (
				40B44D6D23F34E6F001839BB /* ABSampleUITests.swift */,
				40B44D6F23F34E6F001839BB /* Info.plist */,
			);
			path = ABSampleUITests;
			sourceTree = "<group>";
		};
		40B44D8523F34FAC001839BB /* Products */ = {
			isa = PBXGroup;
			children = (
				40B44D8A23F34FAC001839BB /* NetworkAPI.framework */,
				40B44D8C23F34FAC001839BB /* NetworkAPITests.xctest */,
			);
			name = Products;
			sourceTree = "<group>";
		};
/* End PBXGroup section */

/* Begin PBXNativeTarget section */
		40B44D4923F34E6D001839BB /* ABSample */ = {
			isa = PBXNativeTarget;
			buildConfigurationList = 40B44D7223F34E6F001839BB /* Build configuration list for PBXNativeTarget "ABSample" */;
			buildPhases = (
				40B44D4623F34E6D001839BB /* Sources */,
				40B44D4723F34E6D001839BB /* Frameworks */,
				40B44D4823F34E6D001839BB /* Resources */,
				40B44D9123F35021001839BB /* Embed Frameworks */,
			);
			buildRules = (
			);
			dependencies = (
				40B44D9023F35021001839BB /* PBXTargetDependency */,
			);
			name = ABSample;
			productName = ABSample;
			productReference = 40B44D4A23F34E6D001839BB /* ABSample.app */;
			productType = "com.apple.product-type.application";
		};
		40B44D5D23F34E6F001839BB /* ABSampleTests */ = {
			isa = PBXNativeTarget;
			buildConfigurationList = 40B44D7523F34E6F001839BB /* Build configuration list for PBXNativeTarget "ABSampleTests" */;
			buildPhases = (
				40B44D5A23F34E6F001839BB /* Sources */,
				40B44D5B23F34E6F001839BB /* Frameworks */,
				40B44D5C23F34E6F001839BB /* Resources */,
			);
			buildRules = (
			);
			dependencies = (
				40B44D6023F34E6F001839BB /* PBXTargetDependency */,
			);
			name = ABSampleTests;
			productName = ABSampleTests;
			productReference = 40B44D5E23F34E6F001839BB /* ABSampleTests.xctest */;
			productType = "com.apple.product-type.bundle.unit-test";
		};
		40B44D6823F34E6F001839BB /* ABSampleUITests */ = {
			isa = PBXNativeTarget;
			buildConfigurationList = 40B44D7823F34E6F001839BB /* Build configuration list for PBXNativeTarget "ABSampleUITests" */;
			buildPhases = (
				40B44D6523F34E6F001839BB /* Sources */,
				40B44D6623F34E6F001839BB /* Frameworks */,
				40B44D6723F34E6F001839BB /* Resources */,
			);
			buildRules = (
			);
			dependencies = (
				40B44D6B23F34E6F001839BB /* PBXTargetDependency */,
			);
			name = ABSampleUITests;
			productName = ABSampleUITests;
			productReference = 40B44D6923F34E6F001839BB /* ABSampleUITests.xctest */;
			productType = "com.apple.product-type.bundle.ui-testing";
		};
/* End PBXNativeTarget section */

/* Begin PBXProject section */
		40B44D4223F34E6D001839BB /* Project object */ = {
			isa = PBXProject;
			attributes = {
				LastSwiftUpdateCheck = 1020;
				LastUpgradeCheck = 1020;
				ORGANIZATIONNAME = "Halit inan";
				TargetAttributes = {
					40B44D4923F34E6D001839BB = {
						CreatedOnToolsVersion = 10.2;
					};
					40B44D5D23F34E6F001839BB = {
						CreatedOnToolsVersion = 10.2;
						TestTargetID = 40B44D4923F34E6D001839BB;
					};
					40B44D6823F34E6F001839BB = {
						CreatedOnToolsVersion = 10.2;
						TestTargetID = 40B44D4923F34E6D001839BB;
					};
				};
			};
			buildConfigurationList = 40B44D4523F34E6D001839BB /* Build configuration list for PBXProject "ABSample" */;
			compatibilityVersion = "Xcode 9.3";
			developmentRegion = en;
			hasScannedForEncodings = 0;
			knownRegions = (
				en,
				Base,
			);
			mainGroup = 40B44D4123F34E6D001839BB;
			productRefGroup = 40B44D4B23F34E6D001839BB /* Products */;
			projectDirPath = "";
			projectReferences = (
				{
					ProductGroup = 40B44D8523F34FAC001839BB /* Products */;
					ProjectRef = 40B44D8423F34FAC001839BB /* NetworkAPI.xcodeproj */;
				},
			);
			projectRoot = "";
			targets = (
				40B44D4923F34E6D001839BB /* ABSample */,
				40B44D5D23F34E6F001839BB /* ABSampleTests */,
				40B44D6823F34E6F001839BB /* ABSampleUITests */,
			);
		};
/* End PBXProject section */

/* Begin PBXReferenceProxy section */
		40B44D8A23F34FAC001839BB /* NetworkAPI.framework */ = {
			isa = PBXReferenceProxy;
			fileType = wrapper.framework;
			path = NetworkAPI.framework;
			remoteRef = 40B44D8923F34FAC001839BB /* PBXContainerItemProxy */;
			sourceTree = BUILT_PRODUCTS_DIR;
		};
		40B44D8C23F34FAC001839BB /* NetworkAPITests.xctest */ = {
			isa = PBXReferenceProxy;
			fileType = wrapper.cfbundle;
			path = NetworkAPITests.xctest;
			remoteRef = 40B44D8B23F34FAC001839BB /* PBXContainerItemProxy */;
			sourceTree = BUILT_PRODUCTS_DIR;
		};
/* End PBXReferenceProxy section */

/* Begin PBXResourcesBuildPhase section */
		40B44D4823F34E6D001839BB /* Resources */ = {
			isa = PBXResourcesBuildPhase;
			buildActionMask = 2147483647;
			files = (
				40B44D5823F34E6F001839BB /* LaunchScreen.storyboard in Resources */,
				40B44D5523F34E6F001839BB /* Assets.xcassets in Resources */,
				40B44D5323F34E6D001839BB /* Main.storyboard in Resources */,
			);
			runOnlyForDeploymentPostprocessing = 0;
		};
		40B44D5C23F34E6F001839BB /* Resources */ = {
			isa = PBXResourcesBuildPhase;
			buildActionMask = 2147483647;
			files = (
			);
			runOnlyForDeploymentPostprocessing = 0;
		};
		40B44D6723F34E6F001839BB /* Resources */ = {
			isa = PBXResourcesBuildPhase;
			buildActionMask = 2147483647;
			files = (
			);
			runOnlyForDeploymentPostprocessing = 0;
		};
/* End PBXResourcesBuildPhase section */

/* Begin PBXSourcesBuildPhase section */
		40B44D4623F34E6D001839BB /* Sources */ = {
			isa = PBXSourcesBuildPhase;
			buildActionMask = 2147483647;
			files = (
				40B44D5023F34E6D001839BB /* ViewController.swift in Sources */,
				40B44D4E23F34E6D001839BB /* AppDelegate.swift in Sources */,
			);
			runOnlyForDeploymentPostprocessing = 0;
		};
		40B44D5A23F34E6F001839BB /* Sources */ = {
			isa = PBXSourcesBuildPhase;
			buildActionMask = 2147483647;
			files = (
				40B44D6323F34E6F001839BB /* ABSampleTests.swift in Sources */,
			);
			runOnlyForDeploymentPostprocessing = 0;
		};
		40B44D6523F34E6F001839BB /* Sources */ = {
			isa = PBXSourcesBuildPhase;
			buildActionMask = 2147483647;
			files = (
				40B44D6E23F34E6F001839BB /* ABSampleUITests.swift in Sources */,
			);
			runOnlyForDeploymentPostprocessing = 0;
		};
/* End PBXSourcesBuildPhase section */

/* Begin PBXTargetDependency section */
		40B44D6023F34E6F001839BB /* PBXTargetDependency */ = {
			isa = PBXTargetDependency;
			target = 40B44D4923F34E6D001839BB /* ABSample */;
			targetProxy = 40B44D5F23F34E6F001839BB /* PBXContainerItemProxy */;
		};
		40B44D6B23F34E6F001839BB /* PBXTargetDependency */ = {
			isa = PBXTargetDependency;
			target = 40B44D4923F34E6D001839BB /* ABSample */;
			targetProxy = 40B44D6A23F34E6F001839BB /* PBXContainerItemProxy */;
		};
		40B44D9023F35021001839BB /* PBXTargetDependency */ = {
			isa = PBXTargetDependency;
			name = NetworkAPI;
			targetProxy = 40B44D8F23F35021001839BB /* PBXContainerItemProxy */;
		};
/* End PBXTargetDependency section */

/* Begin PBXVariantGroup section */
		40B44D5123F34E6D001839BB /* Main.storyboard */ = {
			isa = PBXVariantGroup;
			children = (
				40B44D5223F34E6D001839BB /* Base */,
			);
			name = Main.storyboard;
			sourceTree = "<group>";
		};
		40B44D5623F34E6F001839BB /* LaunchScreen.storyboard */ = {
			isa = PBXVariantGroup;
			children = (
				40B44D5723F34E6F001839BB /* Base */,
			);
			name = LaunchScreen.storyboard;
			sourceTree = "<group>";
		};
/* End PBXVariantGroup section */

/* Begin XCBuildConfiguration section */
		40B44D7023F34E6F001839BB /* Debug */ = {
			isa = XCBuildConfiguration;
			buildSettings = {
				ALWAYS_SEARCH_USER_PATHS = NO;
				CLANG_ANALYZER_NONNULL = YES;
				CLANG_ANALYZER_NUMBER_OBJECT_CONVERSION = YES_AGGRESSIVE;
				CLANG_CXX_LANGUAGE_STANDARD = "gnu++14";
				CLANG_CXX_LIBRARY = "libc++";
				CLANG_ENABLE_MODULES = YES;
				CLANG_ENABLE_OBJC_ARC = YES;
				CLANG_ENABLE_OBJC_WEAK = YES;
				CLANG_WARN_BLOCK_CAPTURE_AUTORELEASING = YES;
				CLANG_WARN_BOOL_CONVERSION = YES;
				CLANG_WARN_COMMA = YES;
				CLANG_WARN_CONSTANT_CONVERSION = YES;
				CLANG_WARN_DEPRECATED_OBJC_IMPLEMENTATIONS = YES;
				CLANG_WARN_DIRECT_OBJC_ISA_USAGE = YES_ERROR;
				CLANG_WARN_DOCUMENTATION_COMMENTS = YES;
				CLANG_WARN_EMPTY_BODY = YES;
				CLANG_WARN_ENUM_CONVERSION = YES;
				CLANG_WARN_INFINITE_RECURSION = YES;
				CLANG_WARN_INT_CONVERSION = YES;
				CLANG_WARN_NON_LITERAL_NULL_CONVERSION = YES;
				CLANG_WARN_OBJC_IMPLICIT_RETAIN_SELF = YES;
				CLANG_WARN_OBJC_LITERAL_CONVERSION = YES;
				CLANG_WARN_OBJC_ROOT_CLASS = YES_ERROR;
				CLANG_WARN_RANGE_LOOP_ANALYSIS = YES;
				CLANG_WARN_STRICT_PROTOTYPES = YES;
				CLANG_WARN_SUSPICIOUS_MOVE = YES;
				CLANG_WARN_UNGUARDED_AVAILABILITY = YES_AGGRESSIVE;
				CLANG_WARN_UNREACHABLE_CODE = YES;
				CLANG_WARN__DUPLICATE_METHOD_MATCH = YES;
				CODE_SIGN_IDENTITY = "iPhone Developer";
				COPY_PHASE_STRIP = NO;
				DEBUG_INFORMATION_FORMAT = dwarf;
				ENABLE_STRICT_OBJC_MSGSEND = YES;
				ENABLE_TESTABILITY = YES;
				GCC_C_LANGUAGE_STANDARD = gnu11;
				GCC_DYNAMIC_NO_PIC = NO;
				GCC_NO_COMMON_BLOCKS = YES;
				GCC_OPTIMIZATION_LEVEL = 0;
				GCC_PREPROCESSOR_DEFINITIONS = (
					"DEBUG=1",
					"$(inherited)",
				);
				GCC_WARN_64_TO_32_BIT_CONVERSION = YES;
				GCC_WARN_ABOUT_RETURN_TYPE = YES_ERROR;
				GCC_WARN_UNDECLARED_SELECTOR = YES;
				GCC_WARN_UNINITIALIZED_AUTOS = YES_AGGRESSIVE;
				GCC_WARN_UNUSED_FUNCTION = YES;
				GCC_WARN_UNUSED_VARIABLE = YES;
				IPHONEOS_DEPLOYMENT_TARGET = 12.2;
				MTL_ENABLE_DEBUG_INFO = INCLUDE_SOURCE;
				MTL_FAST_MATH = YES;
				ONLY_ACTIVE_ARCH = YES;
				SDKROOT = iphoneos;
				SWIFT_ACTIVE_COMPILATION_CONDITIONS = DEBUG;
				SWIFT_OPTIMIZATION_LEVEL = "-Onone";
			};
			name = Debug;
		};
		40B44D7123F34E6F001839BB /* Release */ = {
			isa = XCBuildConfiguration;
			buildSettings = {
				ALWAYS_SEARCH_USER_PATHS = NO;
				CLANG_ANALYZER_NONNULL = YES;
				CLANG_ANALYZER_NUMBER_OBJECT_CONVERSION = YES_AGGRESSIVE;
				CLANG_CXX_LANGUAGE_STANDARD = "gnu++14";
				CLANG_CXX_LIBRARY = "libc++";
				CLANG_ENABLE_MODULES = YES;
				CLANG_ENABLE_OBJC_ARC = YES;
				CLANG_ENABLE_OBJC_WEAK = YES;
				CLANG_WARN_BLOCK_CAPTURE_AUTORELEASING = YES;
				CLANG_WARN_BOOL_CONVERSION = YES;
				CLANG_WARN_COMMA = YES;
				CLANG_WARN_CONSTANT_CONVERSION = YES;
				CLANG_WARN_DEPRECATED_OBJC_IMPLEMENTATIONS = YES;
				CLANG_WARN_DIRECT_OBJC_ISA_USAGE = YES_ERROR;
				CLANG_WARN_DOCUMENTATION_COMMENTS = YES;
				CLANG_WARN_EMPTY_BODY = YES;
				CLANG_WARN_ENUM_CONVERSION = YES;
				CLANG_WARN_INFINITE_RECURSION = YES;
				CLANG_WARN_INT_CONVERSION = YES;
				CLANG_WARN_NON_LITERAL_NULL_CONVERSION = YES;
				CLANG_WARN_OBJC_IMPLICIT_RETAIN_SELF = YES;
				CLANG_WARN_OBJC_LITERAL_CONVERSION = YES;
				CLANG_WARN_OBJC_ROOT_CLASS = YES_ERROR;
				CLANG_WARN_RANGE_LOOP_ANALYSIS = YES;
				CLANG_WARN_STRICT_PROTOTYPES = YES;
				CLANG_WARN_SUSPICIOUS_MOVE = YES;
				CLANG_WARN_UNGUARDED_AVAILABILITY = YES_AGGRESSIVE;
				CLANG_WARN_UNREACHABLE_CODE = YES;
				CLANG_WARN__DUPLICATE_METHOD_MATCH = YES;
				CODE_SIGN_IDENTITY = "iPhone Developer";
				COPY_PHASE_STRIP = NO;
				DEBUG_INFORMATION_FORMAT = "dwarf-with-dsym";
				ENABLE_NS_ASSERTIONS = NO;
				ENABLE_STRICT_OBJC_MSGSEND = YES;
				GCC_C_LANGUAGE_STANDARD = gnu11;
				GCC_NO_COMMON_BLOCKS = YES;
				GCC_WARN_64_TO_32_BIT_CONVERSION = YES;
				GCC_WARN_ABOUT_RETURN_TYPE = YES_ERROR;
				GCC_WARN_UNDECLARED_SELECTOR = YES;
				GCC_WARN_UNINITIALIZED_AUTOS = YES_AGGRESSIVE;
				GCC_WARN_UNUSED_FUNCTION = YES;
				GCC_WARN_UNUSED_VARIABLE = YES;
				IPHONEOS_DEPLOYMENT_TARGET = 12.2;
				MTL_ENABLE_DEBUG_INFO = NO;
				MTL_FAST_MATH = YES;
				SDKROOT = iphoneos;
				SWIFT_COMPILATION_MODE = wholemodule;
				SWIFT_OPTIMIZATION_LEVEL = "-O";
				VALIDATE_PRODUCT = YES;
			};
			name = Release;
		};
		40B44D7323F34E6F001839BB /* Debug */ = {
			isa = XCBuildConfiguration;
			buildSettings = {
				ALWAYS_EMBED_SWIFT_STANDARD_LIBRARIES = YES;
				ASSETCATALOG_COMPILER_APPICON_NAME = AppIcon;
				CODE_SIGN_STYLE = Automatic;
				DEVELOPMENT_TEAM = XG9PLS6B7N;
				FRAMEWORK_SEARCH_PATHS = (
					"$(inherited)",
					"$(PROJECT_DIR)/Carthage/Build/iOS",
				);
				INFOPLIST_FILE = ABSample/Info.plist;
				LD_RUNPATH_SEARCH_PATHS = (
					"$(inherited)",
					"@executable_path/Frameworks",
				);
				PRODUCT_BUNDLE_IDENTIFIER = com.example.inan.ABSample;
				PRODUCT_NAME = "$(TARGET_NAME)";
				SWIFT_VERSION = 5.0;
				TARGETED_DEVICE_FAMILY = "1,2";
			};
			name = Debug;
		};
		40B44D7423F34E6F001839BB /* Release */ = {
			isa = XCBuildConfiguration;
			buildSettings = {
				ALWAYS_EMBED_SWIFT_STANDARD_LIBRARIES = YES;
				ASSETCATALOG_COMPILER_APPICON_NAME = AppIcon;
				CODE_SIGN_STYLE = Automatic;
				DEVELOPMENT_TEAM = XG9PLS6B7N;
				FRAMEWORK_SEARCH_PATHS = (
					"$(inherited)",
					"$(PROJECT_DIR)/Carthage/Build/iOS",
				);
				INFOPLIST_FILE = ABSample/Info.plist;
				LD_RUNPATH_SEARCH_PATHS = (
					"$(inherited)",
					"@executable_path/Frameworks",
				);
				PRODUCT_BUNDLE_IDENTIFIER = com.example.inan.ABSample;
				PRODUCT_NAME = "$(TARGET_NAME)";
				SWIFT_VERSION = 5.0;
				TARGETED_DEVICE_FAMILY = "1,2";
			};
			name = Release;
		};
		40B44D7623F34E6F001839BB /* Debug */ = {
			isa = XCBuildConfiguration;
			buildSettings = {
				ALWAYS_EMBED_SWIFT_STANDARD_LIBRARIES = YES;
				BUNDLE_LOADER = "$(TEST_HOST)";
				CODE_SIGN_STYLE = Automatic;
				INFOPLIST_FILE = ABSampleTests/Info.plist;
				LD_RUNPATH_SEARCH_PATHS = (
					"$(inherited)",
					"@executable_path/Frameworks",
					"@loader_path/Frameworks",
				);
				PRODUCT_BUNDLE_IDENTIFIER = com.example.inan.ABSampleTests;
				PRODUCT_NAME = "$(TARGET_NAME)";
				SWIFT_VERSION = 5.0;
				TARGETED_DEVICE_FAMILY = "1,2";
				TEST_HOST = "$(BUILT_PRODUCTS_DIR)/ABSample.app/ABSample";
			};
			name = Debug;
		};
		40B44D7723F34E6F001839BB /* Release */ = {
			isa = XCBuildConfiguration;
			buildSettings = {
				ALWAYS_EMBED_SWIFT_STANDARD_LIBRARIES = YES;
				BUNDLE_LOADER = "$(TEST_HOST)";
				CODE_SIGN_STYLE = Automatic;
				INFOPLIST_FILE = ABSampleTests/Info.plist;
				LD_RUNPATH_SEARCH_PATHS = (
					"$(inherited)",
					"@executable_path/Frameworks",
					"@loader_path/Frameworks",
				);
				PRODUCT_BUNDLE_IDENTIFIER = com.example.inan.ABSampleTests;
				PRODUCT_NAME = "$(TARGET_NAME)";
				SWIFT_VERSION = 5.0;
				TARGETED_DEVICE_FAMILY = "1,2";
				TEST_HOST = "$(BUILT_PRODUCTS_DIR)/ABSample.app/ABSample";
			};
			name = Release;
		};
		40B44D7923F34E6F001839BB /* Debug */ = {
			isa = XCBuildConfiguration;
			buildSettings = {
				ALWAYS_EMBED_SWIFT_STANDARD_LIBRARIES = YES;
				CODE_SIGN_STYLE = Automatic;
				INFOPLIST_FILE = ABSampleUITests/Info.plist;
				LD_RUNPATH_SEARCH_PATHS = (
					"$(inherited)",
					"@executable_path/Frameworks",
					"@loader_path/Frameworks",
				);
				PRODUCT_BUNDLE_IDENTIFIER = com.example.inan.ABSampleUITests;
				PRODUCT_NAME = "$(TARGET_NAME)";
				SWIFT_VERSION = 5.0;
				TARGETED_DEVICE_FAMILY = "1,2";
				TEST_TARGET_NAME = ABSample;
			};
			name = Debug;
		};
		40B44D7A23F34E6F001839BB /* Release */ = {
			isa = XCBuildConfiguration;
			buildSettings = {
				ALWAYS_EMBED_SWIFT_STANDARD_LIBRARIES = YES;
				CODE_SIGN_STYLE = Automatic;
				INFOPLIST_FILE = ABSampleUITests/Info.plist;
				LD_RUNPATH_SEARCH_PATHS = (
					"$(inherited)",
					"@executable_path/Frameworks",
					"@loader_path/Frameworks",
				);
				PRODUCT_BUNDLE_IDENTIFIER = com.example.inan.ABSampleUITests;
				PRODUCT_NAME = "$(TARGET_NAME)";
				SWIFT_VERSION = 5.0;
				TARGETED_DEVICE_FAMILY = "1,2";
				TEST_TARGET_NAME = ABSample;
			};
			name = Release;
		};
/* End XCBuildConfiguration section */

/* Begin XCConfigurationList section */
		40B44D4523F34E6D001839BB /* Build configuration list for PBXProject "ABSample" */ = {
			isa = XCConfigurationList;
			buildConfigurations = (
				40B44D7023F34E6F001839BB /* Debug */,
				40B44D7123F34E6F001839BB /* Release */,
			);
			defaultConfigurationIsVisible = 0;
			defaultConfigurationName = Release;
		};
		40B44D7223F34E6F001839BB /* Build configuration list for PBXNativeTarget "ABSample" */ = {
			isa = XCConfigurationList;
			buildConfigurations = (
				40B44D7323F34E6F001839BB /* Debug */,
				40B44D7423F34E6F001839BB /* Release */,
			);
			defaultConfigurationIsVisible = 0;
			defaultConfigurationName = Release;
		};
		40B44D7523F34E6F001839BB /* Build configuration list for PBXNativeTarget "ABSampleTests" */ = {
			isa = XCConfigurationList;
			buildConfigurations = (
				40B44D7623F34E6F001839BB /* Debug */,
				40B44D7723F34E6F001839BB /* Release */,
			);
			defaultConfigurationIsVisible = 0;
			defaultConfigurationName = Release;
		};
		40B44D7823F34E6F001839BB /* Build configuration list for PBXNativeTarget "ABSampleUITests" */ = {
			isa = XCConfigurationList;
			buildConfigurations = (
				40B44D7923F34E6F001839BB /* Debug */,
				40B44D7A23F34E6F001839BB /* Release */,
			);
			defaultConfigurationIsVisible = 0;
			defaultConfigurationName = Release;
		};
/* End XCConfigurationList section */
	};
	rootObject = 40B44D4223F34E6D001839BB /* Project object */;
}
